
Microsoft Visual Studio Solution File, Format Version 12.00
# Visual Studio Version 17
VisualStudioVersion = 17.7.34202.233
MinimumVisualStudioVersion = 10.0.40219.1
Project("{FAE04EC0-301F-11D3-BF4B-00C04F79EFBC}") = "asynandwait", "asynandwait\asynandwait.csproj", "{267BFA27-CBA9-46D2-AC3C-7CD723876F72}"
EndProject
Global
	GlobalSection(SolutionConfigurationPlatforms) = preSolution
		Debug|Any CPU = Debug|Any CPU
		Release|Any CPU = Release|Any CPU
	EndGlobalSection
	GlobalSection(ProjectConfigurationPlatforms) = postSolution
		{267BFA27-CBA9-46D2-AC3C-7CD723876F72}.Debug|Any CPU.ActiveCfg = Debug|Any CPU
		{267BFA27-CBA9-46D2-AC3C-7CD723876F72}.Debug|Any CPU.Build.0 = Debug|Any CPU
		{267BFA27-CBA9-46D2-AC3C-7CD723876F72}.Release|Any CPU.ActiveCfg = Release|Any CPU
		{267BFA27-CBA9-46D2-AC3C-7CD723876F72}.Release|Any CPU.Build.0 = Release|Any CPU
	EndGlobalSection
	GlobalSection(SolutionProperties) = preSolution
		HideSolutionNode = FALSE
	EndGlobalSection
	GlobalSection(ExtensibilityGlobals) = postSolution
		SolutionGuid = {593C4236-2BBE-4600-8A01-310B0EB59C2E}
	EndGlobalSection
EndGlobal
