
Microsoft Visual Studio Solution File, Format Version 12.00
# Visual Studio Version 17
VisualStudioVersion = 17.7.34202.233
MinimumVisualStudioVersion = 10.0.40219.1
Project("{FAE04EC0-301F-11D3-BF4B-00C04F79EFBC}") = "advancec#", "advancec#\advancec#.csproj", "{56B50EEB-98EF-40EC-AFD4-3276E708F11F}"
EndProject
Global
	GlobalSection(SolutionConfigurationPlatforms) = preSolution
		Debug|Any CPU = Debug|Any CPU
		Release|Any CPU = Release|Any CPU
	EndGlobalSection
	GlobalSection(ProjectConfigurationPlatforms) = postSolution
		{56B50EEB-98EF-40EC-AFD4-3276E708F11F}.Debug|Any CPU.ActiveCfg = Debug|Any CPU
		{56B50EEB-98EF-40EC-AFD4-3276E708F11F}.Debug|Any CPU.Build.0 = Debug|Any CPU
		{56B50EEB-98EF-40EC-AFD4-3276E708F11F}.Release|Any CPU.ActiveCfg = Release|Any CPU
		{56B50EEB-98EF-40EC-AFD4-3276E708F11F}.Release|Any CPU.Build.0 = Release|Any CPU
	EndGlobalSection
	GlobalSection(SolutionProperties) = preSolution
		HideSolutionNode = FALSE
	EndGlobalSection
	GlobalSection(ExtensibilityGlobals) = postSolution
		SolutionGuid = {055FFB35-CBBF-4C58-8865-A01FFEDA32BF}
	EndGlobalSection
EndGlobal
